
Microsoft Visual Studio Solution File, Format Version 12.00
# Visual Studio Version 16
VisualStudioVersion = 16.0.30711.63
MinimumVisualStudioVersion = 10.0.40219.1
Project("{9A19103F-16F7-4668-BE54-9A1E7A4F7556}") = "Server", "SocketsGame\Server.csproj", "{E9BC446C-558B-441D-98F8-9EB8E844648A}"
EndProject
Project("{FAE04EC0-301F-11D3-BF4B-00C04F79EFBC}") = "Client", "Client\Client.csproj", "{F99A7FCD-61E4-469D-9290-858881B9962F}"
EndProject
Global
	GlobalSection(SolutionConfigurationPlatforms) = preSolution
		Debug|Any CPU = Debug|Any CPU
		Release|Any CPU = Release|Any CPU
	EndGlobalSection
	GlobalSection(ProjectConfigurationPlatforms) = postSolution
		{E9BC446C-558B-441D-98F8-9EB8E844648A}.Debug|Any CPU.ActiveCfg = Debug|Any CPU
		{E9BC446C-558B-441D-98F8-9EB8E844648A}.Debug|Any CPU.Build.0 = Debug|Any CPU
		{E9BC446C-558B-441D-98F8-9EB8E844648A}.Release|Any CPU.ActiveCfg = Release|Any CPU
		{E9BC446C-558B-441D-98F8-9EB8E844648A}.Release|Any CPU.Build.0 = Release|Any CPU
		{F99A7FCD-61E4-469D-9290-858881B9962F}.Debug|Any CPU.ActiveCfg = Debug|Any CPU
		{F99A7FCD-61E4-469D-9290-858881B9962F}.Debug|Any CPU.Build.0 = Debug|Any CPU
		{F99A7FCD-61E4-469D-9290-858881B9962F}.Release|Any CPU.ActiveCfg = Release|Any CPU
		{F99A7FCD-61E4-469D-9290-858881B9962F}.Release|Any CPU.Build.0 = Release|Any CPU
	EndGlobalSection
	GlobalSection(SolutionProperties) = preSolution
		HideSolutionNode = FALSE
	EndGlobalSection
	GlobalSection(ExtensibilityGlobals) = postSolution
		SolutionGuid = {FB92FCA6-3F6A-464D-95E2-510AA87F2E95}
	EndGlobalSection
EndGlobal
